
Microsoft Visual Studio Solution File, Format Version 12.00
# Visual Studio Version 17
VisualStudioVersion = 17.0.31903.59
MinimumVisualStudioVersion = 10.0.40219.1
Project("{9A19103F-16F7-4668-BE54-9A1E7A4F7556}") = "Server", "Server\Server.csproj", "{317C9F00-9DD4-4328-82E4-89B538B71BE5}"
EndProject
Project("{9A19103F-16F7-4668-BE54-9A1E7A4F7556}") = "Client", "Client\Client.csproj", "{66F2AFA1-C49E-47AC-9A6B-ECF6D716DE18}"
EndProject
Project("{FAE04EC0-301F-11D3-BF4B-00C04F79EFBC}") = "Library", "Library\Library.csproj", "{8E4AAAD5-38F2-4D73-8519-86FF13C03684}"
EndProject
Project("{2150E333-8FDC-42A3-9474-1A3956D46DE8}") = "Solution Items", "Solution Items", "{02487776-1672-456A-A49A-0723352F8A54}"
EndProject
Global
	GlobalSection(SolutionConfigurationPlatforms) = preSolution
		Debug|Any CPU = Debug|Any CPU
		Release|Any CPU = Release|Any CPU
	EndGlobalSection
	GlobalSection(ProjectConfigurationPlatforms) = postSolution
		{317C9F00-9DD4-4328-82E4-89B538B71BE5}.Debug|Any CPU.ActiveCfg = Debug|Any CPU
		{317C9F00-9DD4-4328-82E4-89B538B71BE5}.Debug|Any CPU.Build.0 = Debug|Any CPU
		{317C9F00-9DD4-4328-82E4-89B538B71BE5}.Release|Any CPU.ActiveCfg = Release|Any CPU
		{317C9F00-9DD4-4328-82E4-89B538B71BE5}.Release|Any CPU.Build.0 = Release|Any CPU
		{66F2AFA1-C49E-47AC-9A6B-ECF6D716DE18}.Debug|Any CPU.ActiveCfg = Debug|Any CPU
		{66F2AFA1-C49E-47AC-9A6B-ECF6D716DE18}.Debug|Any CPU.Build.0 = Debug|Any CPU
		{66F2AFA1-C49E-47AC-9A6B-ECF6D716DE18}.Release|Any CPU.ActiveCfg = Release|Any CPU
		{66F2AFA1-C49E-47AC-9A6B-ECF6D716DE18}.Release|Any CPU.Build.0 = Release|Any CPU
		{8E4AAAD5-38F2-4D73-8519-86FF13C03684}.Debug|Any CPU.ActiveCfg = Debug|Any CPU
		{8E4AAAD5-38F2-4D73-8519-86FF13C03684}.Debug|Any CPU.Build.0 = Debug|Any CPU
		{8E4AAAD5-38F2-4D73-8519-86FF13C03684}.Release|Any CPU.ActiveCfg = Release|Any CPU
		{8E4AAAD5-38F2-4D73-8519-86FF13C03684}.Release|Any CPU.Build.0 = Release|Any CPU
	EndGlobalSection
	GlobalSection(SolutionProperties) = preSolution
		HideSolutionNode = FALSE
	EndGlobalSection
	GlobalSection(ExtensibilityGlobals) = postSolution
		SolutionGuid = {6AD660C5-D5E9-4CAD-9196-BA0FA666C322}
	EndGlobalSection
EndGlobal
